
Microsoft Visual Studio Solution File, Format Version 12.00
# Visual Studio 15
VisualStudioVersion = 15.0.26430.16
MinimumVisualStudioVersion = 10.0.40219.1
Project("{FAE04EC0-301F-11D3-BF4B-00C04F79EFBC}") = "UXIDemo1", "UXIDemo_WF\UXIDemo1.csproj", "{A500DB49-E127-41E9-BAE3-5E8D32DD2DA5}"
EndProject
Project("{FAE04EC0-301F-11D3-BF4B-00C04F79EFBC}") = "MuhasebexUX", "UXDenemeWF\MuhasebexUX.csproj", "{67F23098-F0E6-49B6-AA0C-2152FEF78C1F}"
EndProject
Project("{FAE04EC0-301F-11D3-BF4B-00C04F79EFBC}") = "UXIManager", "UXIManager\UXIManager.csproj", "{0ED62AD8-CF9D-4B8B-9DE0-A522AB818C81}"
EndProject
Project("{FAE04EC0-301F-11D3-BF4B-00C04F79EFBC}") = "UXIFramework", "UXIFramework\UXIFramework.csproj", "{682569C1-48AE-4F5D-84B2-310D735EE20F}"
EndProject
Project("{FAE04EC0-301F-11D3-BF4B-00C04F79EFBC}") = "FBUX", "GSUXWPF\FBUX.csproj", "{1E4CF7E9-FF7D-4724-A8BE-B7136982D1DD}"
EndProject
Project("{FAE04EC0-301F-11D3-BF4B-00C04F79EFBC}") = "UXIDemo2", "UXIDemo_WPF\UXIDemo2.csproj", "{2E9B5853-25E0-42BA-9082-7AC58E3D6C66}"
EndProject
Project("{FAE04EC0-301F-11D3-BF4B-00C04F79EFBC}") = "GSUX", "FB\GSUX.csproj", "{D653739E-CE09-4723-B798-F8EF9E716CAC}"
EndProject
Project("{FAE04EC0-301F-11D3-BF4B-00C04F79EFBC}") = "UXIDemo3", "UXIDemo3\UXIDemo3.csproj", "{75369D39-81F7-4327-B4BE-B5DD8D20DBE6}"
EndProject
Project("{FAE04EC0-301F-11D3-BF4B-00C04F79EFBC}") = "BCUX", "BCUX\BCUX.csproj", "{F78CBFF8-78DA-4C71-9505-C6ED2D9F6A14}"
EndProject
Global
	GlobalSection(SolutionConfigurationPlatforms) = preSolution
		Debug|Any CPU = Debug|Any CPU
		Debug|ARM = Debug|ARM
		Debug|x64 = Debug|x64
		Debug|x86 = Debug|x86
		Release|Any CPU = Release|Any CPU
		Release|ARM = Release|ARM
		Release|x64 = Release|x64
		Release|x86 = Release|x86
	EndGlobalSection
	GlobalSection(ProjectConfigurationPlatforms) = postSolution
		{A500DB49-E127-41E9-BAE3-5E8D32DD2DA5}.Debug|Any CPU.ActiveCfg = Debug|Any CPU
		{A500DB49-E127-41E9-BAE3-5E8D32DD2DA5}.Debug|Any CPU.Build.0 = Debug|Any CPU
		{A500DB49-E127-41E9-BAE3-5E8D32DD2DA5}.Debug|ARM.ActiveCfg = Debug|Any CPU
		{A500DB49-E127-41E9-BAE3-5E8D32DD2DA5}.Debug|ARM.Build.0 = Debug|Any CPU
		{A500DB49-E127-41E9-BAE3-5E8D32DD2DA5}.Debug|x64.ActiveCfg = Debug|Any CPU
		{A500DB49-E127-41E9-BAE3-5E8D32DD2DA5}.Debug|x64.Build.0 = Debug|Any CPU
		{A500DB49-E127-41E9-BAE3-5E8D32DD2DA5}.Debug|x86.ActiveCfg = Debug|Any CPU
		{A500DB49-E127-41E9-BAE3-5E8D32DD2DA5}.Debug|x86.Build.0 = Debug|Any CPU
		{A500DB49-E127-41E9-BAE3-5E8D32DD2DA5}.Release|Any CPU.ActiveCfg = Release|Any CPU
		{A500DB49-E127-41E9-BAE3-5E8D32DD2DA5}.Release|Any CPU.Build.0 = Release|Any CPU
		{A500DB49-E127-41E9-BAE3-5E8D32DD2DA5}.Release|ARM.ActiveCfg = Release|Any CPU
		{A500DB49-E127-41E9-BAE3-5E8D32DD2DA5}.Release|ARM.Build.0 = Release|Any CPU
		{A500DB49-E127-41E9-BAE3-5E8D32DD2DA5}.Release|x64.ActiveCfg = Release|Any CPU
		{A500DB49-E127-41E9-BAE3-5E8D32DD2DA5}.Release|x64.Build.0 = Release|Any CPU
		{A500DB49-E127-41E9-BAE3-5E8D32DD2DA5}.Release|x86.ActiveCfg = Release|Any CPU
		{A500DB49-E127-41E9-BAE3-5E8D32DD2DA5}.Release|x86.Build.0 = Release|Any CPU
		{67F23098-F0E6-49B6-AA0C-2152FEF78C1F}.Debug|Any CPU.ActiveCfg = Debug|Any CPU
		{67F23098-F0E6-49B6-AA0C-2152FEF78C1F}.Debug|Any CPU.Build.0 = Debug|Any CPU
		{67F23098-F0E6-49B6-AA0C-2152FEF78C1F}.Debug|ARM.ActiveCfg = Debug|Any CPU
		{67F23098-F0E6-49B6-AA0C-2152FEF78C1F}.Debug|ARM.Build.0 = Debug|Any CPU
		{67F23098-F0E6-49B6-AA0C-2152FEF78C1F}.Debug|x64.ActiveCfg = Debug|Any CPU
		{67F23098-F0E6-49B6-AA0C-2152FEF78C1F}.Debug|x64.Build.0 = Debug|Any CPU
		{67F23098-F0E6-49B6-AA0C-2152FEF78C1F}.Debug|x86.ActiveCfg = Debug|Any CPU
		{67F23098-F0E6-49B6-AA0C-2152FEF78C1F}.Debug|x86.Build.0 = Debug|Any CPU
		{67F23098-F0E6-49B6-AA0C-2152FEF78C1F}.Release|Any CPU.ActiveCfg = Release|Any CPU
		{67F23098-F0E6-49B6-AA0C-2152FEF78C1F}.Release|Any CPU.Build.0 = Release|Any CPU
		{67F23098-F0E6-49B6-AA0C-2152FEF78C1F}.Release|ARM.ActiveCfg = Release|Any CPU
		{67F23098-F0E6-49B6-AA0C-2152FEF78C1F}.Release|ARM.Build.0 = Release|Any CPU
		{67F23098-F0E6-49B6-AA0C-2152FEF78C1F}.Release|x64.ActiveCfg = Release|Any CPU
		{67F23098-F0E6-49B6-AA0C-2152FEF78C1F}.Release|x64.Build.0 = Release|Any CPU
		{67F23098-F0E6-49B6-AA0C-2152FEF78C1F}.Release|x86.ActiveCfg = Release|Any CPU
		{67F23098-F0E6-49B6-AA0C-2152FEF78C1F}.Release|x86.Build.0 = Release|Any CPU
		{0ED62AD8-CF9D-4B8B-9DE0-A522AB818C81}.Debug|Any CPU.ActiveCfg = Debug|Any CPU
		{0ED62AD8-CF9D-4B8B-9DE0-A522AB818C81}.Debug|Any CPU.Build.0 = Debug|Any CPU
		{0ED62AD8-CF9D-4B8B-9DE0-A522AB818C81}.Debug|ARM.ActiveCfg = Debug|Any CPU
		{0ED62AD8-CF9D-4B8B-9DE0-A522AB818C81}.Debug|ARM.Build.0 = Debug|Any CPU
		{0ED62AD8-CF9D-4B8B-9DE0-A522AB818C81}.Debug|x64.ActiveCfg = Debug|Any CPU
		{0ED62AD8-CF9D-4B8B-9DE0-A522AB818C81}.Debug|x64.Build.0 = Debug|Any CPU
		{0ED62AD8-CF9D-4B8B-9DE0-A522AB818C81}.Debug|x86.ActiveCfg = Debug|Any CPU
		{0ED62AD8-CF9D-4B8B-9DE0-A522AB818C81}.Debug|x86.Build.0 = Debug|Any CPU
		{0ED62AD8-CF9D-4B8B-9DE0-A522AB818C81}.Release|Any CPU.ActiveCfg = Release|Any CPU
		{0ED62AD8-CF9D-4B8B-9DE0-A522AB818C81}.Release|Any CPU.Build.0 = Release|Any CPU
		{0ED62AD8-CF9D-4B8B-9DE0-A522AB818C81}.Release|ARM.ActiveCfg = Release|Any CPU
		{0ED62AD8-CF9D-4B8B-9DE0-A522AB818C81}.Release|ARM.Build.0 = Release|Any CPU
		{0ED62AD8-CF9D-4B8B-9DE0-A522AB818C81}.Release|x64.ActiveCfg = Release|Any CPU
		{0ED62AD8-CF9D-4B8B-9DE0-A522AB818C81}.Release|x64.Build.0 = Release|Any CPU
		{0ED62AD8-CF9D-4B8B-9DE0-A522AB818C81}.Release|x86.ActiveCfg = Release|Any CPU
		{0ED62AD8-CF9D-4B8B-9DE0-A522AB818C81}.Release|x86.Build.0 = Release|Any CPU
		{682569C1-48AE-4F5D-84B2-310D735EE20F}.Debug|Any CPU.ActiveCfg = Debug|Any CPU
		{682569C1-48AE-4F5D-84B2-310D735EE20F}.Debug|Any CPU.Build.0 = Debug|Any CPU
		{682569C1-48AE-4F5D-84B2-310D735EE20F}.Debug|ARM.ActiveCfg = Debug|Any CPU
		{682569C1-48AE-4F5D-84B2-310D735EE20F}.Debug|ARM.Build.0 = Debug|Any CPU
		{682569C1-48AE-4F5D-84B2-310D735EE20F}.Debug|x64.ActiveCfg = Debug|Any CPU
		{682569C1-48AE-4F5D-84B2-310D735EE20F}.Debug|x64.Build.0 = Debug|Any CPU
		{682569C1-48AE-4F5D-84B2-310D735EE20F}.Debug|x86.ActiveCfg = Debug|Any CPU
		{682569C1-48AE-4F5D-84B2-310D735EE20F}.Debug|x86.Build.0 = Debug|Any CPU
		{682569C1-48AE-4F5D-84B2-310D735EE20F}.Release|Any CPU.ActiveCfg = Release|Any CPU
		{682569C1-48AE-4F5D-84B2-310D735EE20F}.Release|Any CPU.Build.0 = Release|Any CPU
		{682569C1-48AE-4F5D-84B2-310D735EE20F}.Release|ARM.ActiveCfg = Release|Any CPU
		{682569C1-48AE-4F5D-84B2-310D735EE20F}.Release|ARM.Build.0 = Release|Any CPU
		{682569C1-48AE-4F5D-84B2-310D735EE20F}.Release|x64.ActiveCfg = Release|Any CPU
		{682569C1-48AE-4F5D-84B2-310D735EE20F}.Release|x64.Build.0 = Release|Any CPU
		{682569C1-48AE-4F5D-84B2-310D735EE20F}.Release|x86.ActiveCfg = Release|Any CPU
		{682569C1-48AE-4F5D-84B2-310D735EE20F}.Release|x86.Build.0 = Release|Any CPU
		{1E4CF7E9-FF7D-4724-A8BE-B7136982D1DD}.Debug|Any CPU.ActiveCfg = Debug|Any CPU
		{1E4CF7E9-FF7D-4724-A8BE-B7136982D1DD}.Debug|Any CPU.Build.0 = Debug|Any CPU
		{1E4CF7E9-FF7D-4724-A8BE-B7136982D1DD}.Debug|ARM.ActiveCfg = Debug|Any CPU
		{1E4CF7E9-FF7D-4724-A8BE-B7136982D1DD}.Debug|ARM.Build.0 = Debug|Any CPU
		{1E4CF7E9-FF7D-4724-A8BE-B7136982D1DD}.Debug|x64.ActiveCfg = Debug|Any CPU
		{1E4CF7E9-FF7D-4724-A8BE-B7136982D1DD}.Debug|x64.Build.0 = Debug|Any CPU
		{1E4CF7E9-FF7D-4724-A8BE-B7136982D1DD}.Debug|x86.ActiveCfg = Debug|Any CPU
		{1E4CF7E9-FF7D-4724-A8BE-B7136982D1DD}.Debug|x86.Build.0 = Debug|Any CPU
		{1E4CF7E9-FF7D-4724-A8BE-B7136982D1DD}.Release|Any CPU.ActiveCfg = Release|Any CPU
		{1E4CF7E9-FF7D-4724-A8BE-B7136982D1DD}.Release|Any CPU.Build.0 = Release|Any CPU
		{1E4CF7E9-FF7D-4724-A8BE-B7136982D1DD}.Release|ARM.ActiveCfg = Release|Any CPU
		{1E4CF7E9-FF7D-4724-A8BE-B7136982D1DD}.Release|ARM.Build.0 = Release|Any CPU
		{1E4CF7E9-FF7D-4724-A8BE-B7136982D1DD}.Release|x64.ActiveCfg = Release|Any CPU
		{1E4CF7E9-FF7D-4724-A8BE-B7136982D1DD}.Release|x64.Build.0 = Release|Any CPU
		{1E4CF7E9-FF7D-4724-A8BE-B7136982D1DD}.Release|x86.ActiveCfg = Release|Any CPU
		{1E4CF7E9-FF7D-4724-A8BE-B7136982D1DD}.Release|x86.Build.0 = Release|Any CPU
		{2E9B5853-25E0-42BA-9082-7AC58E3D6C66}.Debug|Any CPU.ActiveCfg = Debug|Any CPU
		{2E9B5853-25E0-42BA-9082-7AC58E3D6C66}.Debug|Any CPU.Build.0 = Debug|Any CPU
		{2E9B5853-25E0-42BA-9082-7AC58E3D6C66}.Debug|ARM.ActiveCfg = Debug|Any CPU
		{2E9B5853-25E0-42BA-9082-7AC58E3D6C66}.Debug|ARM.Build.0 = Debug|Any CPU
		{2E9B5853-25E0-42BA-9082-7AC58E3D6C66}.Debug|x64.ActiveCfg = Debug|Any CPU
		{2E9B5853-25E0-42BA-9082-7AC58E3D6C66}.Debug|x64.Build.0 = Debug|Any CPU
		{2E9B5853-25E0-42BA-9082-7AC58E3D6C66}.Debug|x86.ActiveCfg = Debug|Any CPU
		{2E9B5853-25E0-42BA-9082-7AC58E3D6C66}.Debug|x86.Build.0 = Debug|Any CPU
		{2E9B5853-25E0-42BA-9082-7AC58E3D6C66}.Release|Any CPU.ActiveCfg = Release|Any CPU
		{2E9B5853-25E0-42BA-9082-7AC58E3D6C66}.Release|Any CPU.Build.0 = Release|Any CPU
		{2E9B5853-25E0-42BA-9082-7AC58E3D6C66}.Release|ARM.ActiveCfg = Release|Any CPU
		{2E9B5853-25E0-42BA-9082-7AC58E3D6C66}.Release|ARM.Build.0 = Release|Any CPU
		{2E9B5853-25E0-42BA-9082-7AC58E3D6C66}.Release|x64.ActiveCfg = Release|Any CPU
		{2E9B5853-25E0-42BA-9082-7AC58E3D6C66}.Release|x64.Build.0 = Release|Any CPU
		{2E9B5853-25E0-42BA-9082-7AC58E3D6C66}.Release|x86.ActiveCfg = Release|Any CPU
		{2E9B5853-25E0-42BA-9082-7AC58E3D6C66}.Release|x86.Build.0 = Release|Any CPU
		{D653739E-CE09-4723-B798-F8EF9E716CAC}.Debug|Any CPU.ActiveCfg = Debug|Any CPU
		{D653739E-CE09-4723-B798-F8EF9E716CAC}.Debug|Any CPU.Build.0 = Debug|Any CPU
		{D653739E-CE09-4723-B798-F8EF9E716CAC}.Debug|ARM.ActiveCfg = Debug|Any CPU
		{D653739E-CE09-4723-B798-F8EF9E716CAC}.Debug|ARM.Build.0 = Debug|Any CPU
		{D653739E-CE09-4723-B798-F8EF9E716CAC}.Debug|x64.ActiveCfg = Debug|Any CPU
		{D653739E-CE09-4723-B798-F8EF9E716CAC}.Debug|x64.Build.0 = Debug|Any CPU
		{D653739E-CE09-4723-B798-F8EF9E716CAC}.Debug|x86.ActiveCfg = Debug|Any CPU
		{D653739E-CE09-4723-B798-F8EF9E716CAC}.Debug|x86.Build.0 = Debug|Any CPU
		{D653739E-CE09-4723-B798-F8EF9E716CAC}.Release|Any CPU.ActiveCfg = Release|Any CPU
		{D653739E-CE09-4723-B798-F8EF9E716CAC}.Release|Any CPU.Build.0 = Release|Any CPU
		{D653739E-CE09-4723-B798-F8EF9E716CAC}.Release|ARM.ActiveCfg = Release|Any CPU
		{D653739E-CE09-4723-B798-F8EF9E716CAC}.Release|ARM.Build.0 = Release|Any CPU
		{D653739E-CE09-4723-B798-F8EF9E716CAC}.Release|x64.ActiveCfg = Release|Any CPU
		{D653739E-CE09-4723-B798-F8EF9E716CAC}.Release|x64.Build.0 = Release|Any CPU
		{D653739E-CE09-4723-B798-F8EF9E716CAC}.Release|x86.ActiveCfg = Release|Any CPU
		{D653739E-CE09-4723-B798-F8EF9E716CAC}.Release|x86.Build.0 = Release|Any CPU
		{75369D39-81F7-4327-B4BE-B5DD8D20DBE6}.Debug|Any CPU.ActiveCfg = Debug|Any CPU
		{75369D39-81F7-4327-B4BE-B5DD8D20DBE6}.Debug|Any CPU.Build.0 = Debug|Any CPU
		{75369D39-81F7-4327-B4BE-B5DD8D20DBE6}.Debug|ARM.ActiveCfg = Debug|Any CPU
		{75369D39-81F7-4327-B4BE-B5DD8D20DBE6}.Debug|ARM.Build.0 = Debug|Any CPU
		{75369D39-81F7-4327-B4BE-B5DD8D20DBE6}.Debug|x64.ActiveCfg = Debug|Any CPU
		{75369D39-81F7-4327-B4BE-B5DD8D20DBE6}.Debug|x64.Build.0 = Debug|Any CPU
		{75369D39-81F7-4327-B4BE-B5DD8D20DBE6}.Debug|x86.ActiveCfg = Debug|Any CPU
		{75369D39-81F7-4327-B4BE-B5DD8D20DBE6}.Debug|x86.Build.0 = Debug|Any CPU
		{75369D39-81F7-4327-B4BE-B5DD8D20DBE6}.Release|Any CPU.ActiveCfg = Release|Any CPU
		{75369D39-81F7-4327-B4BE-B5DD8D20DBE6}.Release|Any CPU.Build.0 = Release|Any CPU
		{75369D39-81F7-4327-B4BE-B5DD8D20DBE6}.Release|ARM.ActiveCfg = Release|Any CPU
		{75369D39-81F7-4327-B4BE-B5DD8D20DBE6}.Release|ARM.Build.0 = Release|Any CPU
		{75369D39-81F7-4327-B4BE-B5DD8D20DBE6}.Release|x64.ActiveCfg = Release|Any CPU
		{75369D39-81F7-4327-B4BE-B5DD8D20DBE6}.Release|x64.Build.0 = Release|Any CPU
		{75369D39-81F7-4327-B4BE-B5DD8D20DBE6}.Release|x86.ActiveCfg = Release|Any CPU
		{75369D39-81F7-4327-B4BE-B5DD8D20DBE6}.Release|x86.Build.0 = Release|Any CPU
		{F78CBFF8-78DA-4C71-9505-C6ED2D9F6A14}.Debug|Any CPU.ActiveCfg = Debug|Any CPU
		{F78CBFF8-78DA-4C71-9505-C6ED2D9F6A14}.Debug|Any CPU.Build.0 = Debug|Any CPU
		{F78CBFF8-78DA-4C71-9505-C6ED2D9F6A14}.Debug|ARM.ActiveCfg = Debug|Any CPU
		{F78CBFF8-78DA-4C71-9505-C6ED2D9F6A14}.Debug|ARM.Build.0 = Debug|Any CPU
		{F78CBFF8-78DA-4C71-9505-C6ED2D9F6A14}.Debug|x64.ActiveCfg = Debug|Any CPU
		{F78CBFF8-78DA-4C71-9505-C6ED2D9F6A14}.Debug|x64.Build.0 = Debug|Any CPU
		{F78CBFF8-78DA-4C71-9505-C6ED2D9F6A14}.Debug|x86.ActiveCfg = Debug|Any CPU
		{F78CBFF8-78DA-4C71-9505-C6ED2D9F6A14}.Debug|x86.Build.0 = Debug|Any CPU
		{F78CBFF8-78DA-4C71-9505-C6ED2D9F6A14}.Release|Any CPU.ActiveCfg = Release|Any CPU
		{F78CBFF8-78DA-4C71-9505-C6ED2D9F6A14}.Release|Any CPU.Build.0 = Release|Any CPU
		{F78CBFF8-78DA-4C71-9505-C6ED2D9F6A14}.Release|ARM.ActiveCfg = Release|Any CPU
		{F78CBFF8-78DA-4C71-9505-C6ED2D9F6A14}.Release|ARM.Build.0 = Release|Any CPU
		{F78CBFF8-78DA-4C71-9505-C6ED2D9F6A14}.Release|x64.ActiveCfg = Release|Any CPU
		{F78CBFF8-78DA-4C71-9505-C6ED2D9F6A14}.Release|x64.Build.0 = Release|Any CPU
		{F78CBFF8-78DA-4C71-9505-C6ED2D9F6A14}.Release|x86.ActiveCfg = Release|Any CPU
		{F78CBFF8-78DA-4C71-9505-C6ED2D9F6A14}.Release|x86.Build.0 = Release|Any CPU
	EndGlobalSection
	GlobalSection(SolutionProperties) = preSolution
		HideSolutionNode = FALSE
	EndGlobalSection
EndGlobal
